
Microsoft Visual Studio Solution File, Format Version 12.00
# Visual Studio Version 16
VisualStudioVersion = 16.0.30611.23
MinimumVisualStudioVersion = 10.0.40219.1
Project("{FAE04EC0-301F-11D3-BF4B-00C04F79EFBC}") = "QuizManager", "QuizManager\QuizManager.csproj", "{FB12A36B-BF20-4402-957E-98E448499EAA}"
EndProject
Project("{FAE04EC0-301F-11D3-BF4B-00C04F79EFBC}") = "BusinessLayer", "BusinessLayer\BusinessLayer.csproj", "{1DE3AC7E-44F6-41C7-8939-3E819C8FA33B}"
EndProject
Global
	GlobalSection(SolutionConfigurationPlatforms) = preSolution
		Debug|Any CPU = Debug|Any CPU
		Release|Any CPU = Release|Any CPU
	EndGlobalSection
	GlobalSection(ProjectConfigurationPlatforms) = postSolution
		{FB12A36B-BF20-4402-957E-98E448499EAA}.Debug|Any CPU.ActiveCfg = Debug|Any CPU
		{FB12A36B-BF20-4402-957E-98E448499EAA}.Debug|Any CPU.Build.0 = Debug|Any CPU
		{FB12A36B-BF20-4402-957E-98E448499EAA}.Release|Any CPU.ActiveCfg = Release|Any CPU
		{FB12A36B-BF20-4402-957E-98E448499EAA}.Release|Any CPU.Build.0 = Release|Any CPU
		{1DE3AC7E-44F6-41C7-8939-3E819C8FA33B}.Debug|Any CPU.ActiveCfg = Debug|Any CPU
		{1DE3AC7E-44F6-41C7-8939-3E819C8FA33B}.Debug|Any CPU.Build.0 = Debug|Any CPU
		{1DE3AC7E-44F6-41C7-8939-3E819C8FA33B}.Release|Any CPU.ActiveCfg = Release|Any CPU
		{1DE3AC7E-44F6-41C7-8939-3E819C8FA33B}.Release|Any CPU.Build.0 = Release|Any CPU
	EndGlobalSection
	GlobalSection(SolutionProperties) = preSolution
		HideSolutionNode = FALSE
	EndGlobalSection
	GlobalSection(ExtensibilityGlobals) = postSolution
		SolutionGuid = {25054EBE-1624-4F13-B499-77A603E1B924}
	EndGlobalSection
EndGlobal
